// !$*UTF8*$!
{
	archiveVersion = 1;
	classes = {
	};
	objectVersion = 46;
	objects = {

/* Begin PBXBuildFile section */
		19DF2EE71BF33E5E00FD5A67 /* main.m in Sources */ = {isa = PBXBuildFile; fileRef = 19DF2EE61BF33E5E00FD5A67 /* main.m */; };
		19DF2EEA1BF33E5E00FD5A67 /* AppDelegate.m in Sources */ = {isa = PBXBuildFile; fileRef = 19DF2EE91BF33E5E00FD5A67 /* AppDelegate.m */; };
		19DF2EED1BF33E5E00FD5A67 /* ViewController.m in Sources */ = {isa = PBXBuildFile; fileRef = 19DF2EEC1BF33E5E00FD5A67 /* ViewController.m */; };
		19DF2EF01BF33E5E00FD5A67 /* Main.storyboard in Resources */ = {isa = PBXBuildFile; fileRef = 19DF2EEE1BF33E5E00FD5A67 /* Main.storyboard */; };
		19DF2EF21BF33E5E00FD5A67 /* Assets.xcassets in Resources */ = {isa = PBXBuildFile; fileRef = 19DF2EF11BF33E5E00FD5A67 /* Assets.xcassets */; };
		19DF2EF51BF33E5E00FD5A67 /* LaunchScreen.storyboard in Resources */ = {isa = PBXBuildFile; fileRef = 19DF2EF31BF33E5E00FD5A67 /* LaunchScreen.storyboard */; };
		19DF2F001BF33FB500FD5A67 /* InputValidate.m in Sources */ = {isa = PBXBuildFile; fileRef = 19DF2EFF1BF33FB500FD5A67 /* InputValidate.m */; };
		19DF2F031BF3401100FD5A67 /* NSString+Extension.m in Sources */ = {isa = PBXBuildFile; fileRef = 19DF2F021BF3401100FD5A67 /* NSString+Extension.m */; };
		19DF2F061BF3414600FD5A67 /* NSString+PDRegex.m in Sources */ = {isa = PBXBuildFile; fileRef = 19DF2F051BF3414600FD5A67 /* NSString+PDRegex.m */; };
/* End PBXBuildFile section */

/* Begin PBXFileReference section */
		19DF2EE21BF33E5E00FD5A67 /* InputValidator.app */ = {isa = PBXFileReference; explicitFileType = wrapper.application; includeInIndex = 0; path = InputValidator.app; sourceTree = BUILT_PRODUCTS_DIR; };
		19DF2EE61BF33E5E00FD5A67 /* main.m */ = {isa = PBXFileReference; lastKnownFileType = sourcecode.c.objc; path = main.m; sourceTree = "<group>"; };
		19DF2EE81BF33E5E00FD5A67 /* AppDelegate.h */ = {isa = PBXFileReference; lastKnownFileType = sourcecode.c.h; path = AppDelegate.h; sourceTree = "<group>"; };
		19DF2EE91BF33E5E00FD5A67 /* AppDelegate.m */ = {isa = PBXFileReference; lastKnownFileType = sourcecode.c.objc; path = AppDelegate.m; sourceTree = "<group>"; };
		19DF2EEB1BF33E5E00FD5A67 /* ViewController.h */ = {isa = PBXFileReference; lastKnownFileType = sourcecode.c.h; path = ViewController.h; sourceTree = "<group>"; };
		19DF2EEC1BF33E5E00FD5A67 /* ViewController.m */ = {isa = PBXFileReference; lastKnownFileType = sourcecode.c.objc; path = ViewController.m; sourceTree = "<group>"; };
		19DF2EEF1BF33E5E00FD5A67 /* Base */ = {isa = PBXFileReference; lastKnownFileType = file.storyboard; name = Base; path = Base.lproj/Main.storyboard; sourceTree = "<group>"; };
		19DF2EF11BF33E5E00FD5A67 /* Assets.xcassets */ = {isa = PBXFileReference; lastKnownFileType = folder.assetcatalog; path = Assets.xcassets; sourceTree = "<group>"; };
		19DF2EF41BF33E5E00FD5A67 /* Base */ = {isa = PBXFileReference; lastKnownFileType = file.storyboard; name = Base; path = Base.lproj/LaunchScreen.storyboard; sourceTree = "<group>"; };
		19DF2EF61BF33E5E00FD5A67 /* Info.plist */ = {isa = PBXFileReference; lastKnownFileType = text.plist.xml; path = Info.plist; sourceTree = "<group>"; };
		19DF2EFE1BF33FB500FD5A67 /* InputValidate.h */ = {isa = PBXFileReference; fileEncoding = 4; lastKnownFileType = sourcecode.c.h; name = InputValidate.h; path = InputValidator/InputValidate.h; sourceTree = "<group>"; };
		19DF2EFF1BF33FB500FD5A67 /* InputValidate.m */ = {isa = PBXFileReference; fileEncoding = 4; lastKnownFileType = sourcecode.c.objc; name = InputValidate.m; path = InputValidator/InputValidate.m; sourceTree = "<group>"; };
		19DF2F011BF3401100FD5A67 /* NSString+Extension.h */ = {isa = PBXFileReference; fileEncoding = 4; lastKnownFileType = sourcecode.c.h; name = "NSString+Extension.h"; path = "InputValidator/NSString+Extension.h"; sourceTree = "<group>"; };
		19DF2F021BF3401100FD5A67 /* NSString+Extension.m */ = {isa = PBXFileReference; fileEncoding = 4; lastKnownFileType = sourcecode.c.objc; name = "NSString+Extension.m"; path = "InputValidator/NSString+Extension.m"; sourceTree = "<group>"; };
		19DF2F041BF3414600FD5A67 /* NSString+PDRegex.h */ = {isa = PBXFileReference; fileEncoding = 4; lastKnownFileType = sourcecode.c.h; name = "NSString+PDRegex.h"; path = "InputValidator/RegexOnNSString/NSString+PDRegex.h"; sourceTree = "<group>"; };
		19DF2F051BF3414600FD5A67 /* NSString+PDRegex.m */ = {isa = PBXFileReference; fileEncoding = 4; lastKnownFileType = sourcecode.c.objc; name = "NSString+PDRegex.m"; path = "InputValidator/RegexOnNSString/NSString+PDRegex.m"; sourceTree = "<group>"; };
/* End PBXFileReference section */

/* Begin PBXFrameworksBuildPhase section */
		19DF2EDF1BF33E5E00FD5A67 /* Frameworks */ = {
			isa = PBXFrameworksBuildPhase;
			buildActionMask = 2147483647;
			files = (
			);
			runOnlyForDeploymentPostprocessing = 0;
		};
/* End PBXFrameworksBuildPhase section */

/* Begin PBXGroup section */
		19DF2ED91BF33E5E00FD5A67 = {
			isa = PBXGroup;
			children = (
				19DF2EE41BF33E5E00FD5A67 /* InputValidator */,
				19DF2EE31BF33E5E00FD5A67 /* Products */,
			);
			sourceTree = "<group>";
		};
		19DF2EE31BF33E5E00FD5A67 /* Products */ = {
			isa = PBXGroup;
			children = (
				19DF2EE21BF33E5E00FD5A67 /* InputValidator.app */,
			);
			name = Products;
			sourceTree = "<group>";
		};
		19DF2EE41BF33E5E00FD5A67 /* InputValidator */ = {
			isa = PBXGroup;
			children = (
				19DF2F041BF3414600FD5A67 /* NSString+PDRegex.h */,
				19DF2F051BF3414600FD5A67 /* NSString+PDRegex.m */,
				19DF2F011BF3401100FD5A67 /* NSString+Extension.h */,
				19DF2F021BF3401100FD5A67 /* NSString+Extension.m */,
				19DF2EFE1BF33FB500FD5A67 /* InputValidate.h */,
				19DF2EFF1BF33FB500FD5A67 /* InputValidate.m */,
				19DF2EE81BF33E5E00FD5A67 /* AppDelegate.h */,
				19DF2EE91BF33E5E00FD5A67 /* AppDelegate.m */,
				19DF2EEB1BF33E5E00FD5A67 /* ViewController.h */,
				19DF2EEC1BF33E5E00FD5A67 /* ViewController.m */,
				19DF2EEE1BF33E5E00FD5A67 /* Main.storyboard */,
				19DF2EF11BF33E5E00FD5A67 /* Assets.xcassets */,
				19DF2EF31BF33E5E00FD5A67 /* LaunchScreen.storyboard */,
				19DF2EF61BF33E5E00FD5A67 /* Info.plist */,
				19DF2EE51BF33E5E00FD5A67 /* Supporting Files */,
			);
			path = InputValidator;
			sourceTree = "<group>";
		};
		19DF2EE51BF33E5E00FD5A67 /* Supporting Files */ = {
			isa = PBXGroup;
			children = (
				19DF2EE61BF33E5E00FD5A67 /* main.m */,
			);
			name = "Supporting Files";
			sourceTree = "<group>";
		};
/* End PBXGroup section */

/* Begin PBXNativeTarget section */
		19DF2EE11BF33E5E00FD5A67 /* InputValidator */ = {
			isa = PBXNativeTarget;
			buildConfigurationList = 19DF2EF91BF33E5E00FD5A67 /* Build configuration list for PBXNativeTarget "InputValidator" */;
			buildPhases = (
				19DF2EDE1BF33E5E00FD5A67 /* Sources */,
				19DF2EDF1BF33E5E00FD5A67 /* Frameworks */,
				19DF2EE01BF33E5E00FD5A67 /* Resources */,
			);
			buildRules = (
			);
			dependencies = (
			);
			name = InputValidator;
			productName = InputValidator;
			productReference = 19DF2EE21BF33E5E00FD5A67 /* InputValidator.app */;
			productType = "com.apple.product-type.application";
		};
/* End PBXNativeTarget section */

/* Begin PBXProject section */
		19DF2EDA1BF33E5E00FD5A67 /* Project object */ = {
			isa = PBXProject;
			attributes = {
				LastUpgradeCheck = 0710;
				ORGANIZATIONNAME = linxiaodong;
				TargetAttributes = {
					19DF2EE11BF33E5E00FD5A67 = {
						CreatedOnToolsVersion = 7.1;
					};
				};
			};
			buildConfigurationList = 19DF2EDD1BF33E5E00FD5A67 /* Build configuration list for PBXProject "InputValidator" */;
			compatibilityVersion = "Xcode 3.2";
			developmentRegion = English;
			hasScannedForEncodings = 0;
			knownRegions = (
				en,
				Base,
			);
			mainGroup = 19DF2ED91BF33E5E00FD5A67;
			productRefGroup = 19DF2EE31BF33E5E00FD5A67 /* Products */;
			projectDirPath = "";
			projectRoot = "";
			targets = (
				19DF2EE11BF33E5E00FD5A67 /* InputValidator */,
			);
		};
/* End PBXProject section */

/* Begin PBXResourcesBuildPhase section */
		19DF2EE01BF33E5E00FD5A67 /* Resources */ = {
			isa = PBXResourcesBuildPhase;
			buildActionMask = 2147483647;
			files = (
				19DF2EF51BF33E5E00FD5A67 /* LaunchScreen.storyboard in Resources */,
				19DF2EF21BF33E5E00FD5A67 /* Assets.xcassets in Resources */,
				19DF2EF01BF33E5E00FD5A67 /* Main.storyboard in Resources */,
			);
			runOnlyForDeploymentPostprocessing = 0;
		};
/* End PBXResourcesBuildPhase section */

/* Begin PBXSourcesBuildPhase section */
		19DF2EDE1BF33E5E00FD5A67 /* Sources */ = {
			isa = PBXSourcesBuildPhase;
			buildActionMask = 2147483647;
			files = (
				19DF2F031BF3401100FD5A67 /* NSString+Extension.m in Sources */,
				19DF2F001BF33FB500FD5A67 /* InputValidate.m in Sources */,
				19DF2EED1BF33E5E00FD5A67 /* ViewController.m in Sources */,
				19DF2EEA1BF33E5E00FD5A67 /* AppDelegate.m in Sources */,
				19DF2EE71BF33E5E00FD5A67 /* main.m in Sources */,
				19DF2F061BF3414600FD5A67 /* NSString+PDRegex.m in Sources */,
			);
			runOnlyForDeploymentPostprocessing = 0;
		};
/* End PBXSourcesBuildPhase section */

/* Begin PBXVariantGroup section */
		19DF2EEE1BF33E5E00FD5A67 /* Main.storyboard */ = {
			isa = PBXVariantGroup;
			children = (
				19DF2EEF1BF33E5E00FD5A67 /* Base */,
			);
			name = Main.storyboard;
			sourceTree = "<group>";
		};
		19DF2EF31BF33E5E00FD5A67 /* LaunchScreen.storyboard */ = {
			isa = PBXVariantGroup;
			children = (
				19DF2EF41BF33E5E00FD5A67 /* Base */,
			);
			name = LaunchScreen.storyboard;
			sourceTree = "<group>";
		};
/* End PBXVariantGroup section */

/* Begin XCBuildConfiguration section */
		19DF2EF71BF33E5E00FD5A67 /* Debug */ = {
			isa = XCBuildConfiguration;
			buildSettings = {
				ALWAYS_SEARCH_USER_PATHS = NO;
				CLANG_CXX_LANGUAGE_STANDARD = "gnu++0x";
				CLANG_CXX_LIBRARY = "libc++";
				CLANG_ENABLE_MODULES = YES;
				CLANG_ENABLE_OBJC_ARC = YES;
				CLANG_WARN_BOOL_CONVERSION = YES;
				CLANG_WARN_CONSTANT_CONVERSION = YES;
				CLANG_WARN_DIRECT_OBJC_ISA_USAGE = YES_ERROR;
				CLANG_WARN_EMPTY_BODY = YES;
				CLANG_WARN_ENUM_CONVERSION = YES;
				CLANG_WARN_INT_CONVERSION = YES;
				CLANG_WARN_OBJC_ROOT_CLASS = YES_ERROR;
				CLANG_WARN_UNREACHABLE_CODE = YES;
				CLANG_WARN__DUPLICATE_METHOD_MATCH = YES;
				"CODE_SIGN_IDENTITY[sdk=iphoneos*]" = "iPhone Developer";
				COPY_PHASE_STRIP = NO;
				DEBUG_INFORMATION_FORMAT = dwarf;
				ENABLE_STRICT_OBJC_MSGSEND = YES;
				ENABLE_TESTABILITY = YES;
				GCC_C_LANGUAGE_STANDARD = gnu99;
				GCC_DYNAMIC_NO_PIC = NO;
				GCC_NO_COMMON_BLOCKS = YES;
				GCC_OPTIMIZATION_LEVEL = 0;
				GCC_PREPROCESSOR_DEFINITIONS = (
					"DEBUG=1",
					"$(inherited)",
				);
				GCC_WARN_64_TO_32_BIT_CONVERSION = YES;
				GCC_WARN_ABOUT_RETURN_TYPE = YES_ERROR;
				GCC_WARN_UNDECLARED_SELECTOR = YES;
				GCC_WARN_UNINITIALIZED_AUTOS = YES_AGGRESSIVE;
				GCC_WARN_UNUSED_FUNCTION = YES;
				GCC_WARN_UNUSED_VARIABLE = YES;
				IPHONEOS_DEPLOYMENT_TARGET = 9.1;
				MTL_ENABLE_DEBUG_INFO = YES;
				ONLY_ACTIVE_ARCH = YES;
				SDKROOT = iphoneos;
			};
			name = Debug;
		};
		19DF2EF81BF33E5E00FD5A67 /* Release */ = {
			isa = XCBuildConfiguration;
			buildSettings = {
				ALWAYS_SEARCH_USER_PATHS = NO;
				CLANG_CXX_LANGUAGE_STANDARD = "gnu++0x";
				CLANG_CXX_LIBRARY = "libc++";
				CLANG_ENABLE_MODULES = YES;
				CLANG_ENABLE_OBJC_ARC = YES;
				CLANG_WARN_BOOL_CONVERSION = YES;
				CLANG_WARN_CONSTANT_CONVERSION = YES;
				CLANG_WARN_DIRECT_OBJC_ISA_USAGE = YES_ERROR;
				CLANG_WARN_EMPTY_BODY = YES;
				CLANG_WARN_ENUM_CONVERSION = YES;
				CLANG_WARN_INT_CONVERSION = YES;
				CLANG_WARN_OBJC_ROOT_CLASS = YES_ERROR;
				CLANG_WARN_UNREACHABLE_CODE = YES;
				CLANG_WARN__DUPLICATE_METHOD_MATCH = YES;
				"CODE_SIGN_IDENTITY[sdk=iphoneos*]" = "iPhone Developer";
				COPY_PHASE_STRIP = NO;
				DEBUG_INFORMATION_FORMAT = "dwarf-with-dsym";
				ENABLE_NS_ASSERTIONS = NO;
				ENABLE_STRICT_OBJC_MSGSEND = YES;
				GCC_C_LANGUAGE_STANDARD = gnu99;
				GCC_NO_COMMON_BLOCKS = YES;
				GCC_WARN_64_TO_32_BIT_CONVERSION = YES;
				GCC_WARN_ABOUT_RETURN_TYPE = YES_ERROR;
				GCC_WARN_UNDECLARED_SELECTOR = YES;
				GCC_WARN_UNINITIALIZED_AUTOS = YES_AGGRESSIVE;
				GCC_WARN_UNUSED_FUNCTION = YES;
				GCC_WARN_UNUSED_VARIABLE = YES;
				IPHONEOS_DEPLOYMENT_TARGET = 9.1;
				MTL_ENABLE_DEBUG_INFO = NO;
				SDKROOT = iphoneos;
				VALIDATE_PRODUCT = YES;
			};
			name = Release;
		};
		19DF2EFA1BF33E5E00FD5A67 /* Debug */ = {
			isa = XCBuildConfiguration;
			buildSettings = {
				ASSETCATALOG_COMPILER_APPICON_NAME = AppIcon;
				INFOPLIST_FILE = InputValidator/Info.plist;
				LD_RUNPATH_SEARCH_PATHS = "$(inherited) @executable_path/Frameworks";
				PRODUCT_BUNDLE_IDENTIFIER = wormlxd.InputValidator;
				PRODUCT_NAME = "$(TARGET_NAME)";
			};
			name = Debug;
		};
		19DF2EFB1BF33E5E00FD5A67 /* Release */ = {
			isa = XCBuildConfiguration;
			buildSettings = {
				ASSETCATALOG_COMPILER_APPICON_NAME = AppIcon;
				INFOPLIST_FILE = InputValidator/Info.plist;
				LD_RUNPATH_SEARCH_PATHS = "$(inherited) @executable_path/Frameworks";
				PRODUCT_BUNDLE_IDENTIFIER = wormlxd.InputValidator;
				PRODUCT_NAME = "$(TARGET_NAME)";
			};
			name = Release;
		};
/* End XCBuildConfiguration section */

/* Begin XCConfigurationList section */
		19DF2EDD1BF33E5E00FD5A67 /* Build configuration list for PBXProject "InputValidator" */ = {
			isa = XCConfigurationList;
			buildConfigurations = (
				19DF2EF71BF33E5E00FD5A67 /* Debug */,
				19DF2EF81BF33E5E00FD5A67 /* Release */,
			);
			defaultConfigurationIsVisible = 0;
			defaultConfigurationName = Release;
		};
		19DF2EF91BF33E5E00FD5A67 /* Build configuration list for PBXNativeTarget "InputValidator" */ = {
			isa = XCConfigurationList;
			buildConfigurations = (
				19DF2EFA1BF33E5E00FD5A67 /* Debug */,
				19DF2EFB1BF33E5E00FD5A67 /* Release */,
			);
			defaultConfigurationIsVisible = 0;
		};
/* End XCConfigurationList section */
	};
	rootObject = 19DF2EDA1BF33E5E00FD5A67 /* Project object */;
}
